
Microsoft Visual Studio Solution File, Format Version 12.00
# Visual Studio Version 17
VisualStudioVersion = 17.3.32929.385
MinimumVisualStudioVersion = 10.0.40219.1
Project("{FAE04EC0-301F-11D3-BF4B-00C04F79EFBC}") = "MongoDbConsole", "MongoDbConsole\MongoDbConsole.csproj", "{7ADE5B71-9B19-406A-A8A9-EB021E218CCC}"
EndProject
Global
	GlobalSection(SolutionConfigurationPlatforms) = preSolution
		Debug|Any CPU = Debug|Any CPU
		Release|Any CPU = Release|Any CPU
	EndGlobalSection
	GlobalSection(ProjectConfigurationPlatforms) = postSolution
		{7ADE5B71-9B19-406A-A8A9-EB021E218CCC}.Debug|Any CPU.ActiveCfg = Debug|Any CPU
		{7ADE5B71-9B19-406A-A8A9-EB021E218CCC}.Debug|Any CPU.Build.0 = Debug|Any CPU
		{7ADE5B71-9B19-406A-A8A9-EB021E218CCC}.Release|Any CPU.ActiveCfg = Release|Any CPU
		{7ADE5B71-9B19-406A-A8A9-EB021E218CCC}.Release|Any CPU.Build.0 = Release|Any CPU
	EndGlobalSection
	GlobalSection(SolutionProperties) = preSolution
		HideSolutionNode = FALSE
	EndGlobalSection
	GlobalSection(ExtensibilityGlobals) = postSolution
		SolutionGuid = {ECA9881A-70A7-497C-82EE-B821B271AC6D}
	EndGlobalSection
EndGlobal
